
Microsoft Visual Studio Solution File, Format Version 12.00
# Visual Studio 2013
VisualStudioVersion = 12.0.21005.1
MinimumVisualStudioVersion = 10.0.40219.1
Project("{FAE04EC0-301F-11D3-BF4B-00C04F79EFBC}") = "SanSebKalaha", "WpfApplication1\SanSebKalaha.csproj", "{1DC434E4-048B-4351-8096-9563D397047F}"
EndProject
Project("{FAE04EC0-301F-11D3-BF4B-00C04F79EFBC}") = "UnitTestSanSeb", "UnitTestSanSeb\UnitTestSanSeb.csproj", "{0497D286-0FD9-4444-840A-BE3D3FE5B72A}"
EndProject
Global
	GlobalSection(SolutionConfigurationPlatforms) = preSolution
		Debug|Any CPU = Debug|Any CPU
		Release|Any CPU = Release|Any CPU
	EndGlobalSection
	GlobalSection(ProjectConfigurationPlatforms) = postSolution
		{1DC434E4-048B-4351-8096-9563D397047F}.Debug|Any CPU.ActiveCfg = Debug|Any CPU
		{1DC434E4-048B-4351-8096-9563D397047F}.Debug|Any CPU.Build.0 = Debug|Any CPU
		{1DC434E4-048B-4351-8096-9563D397047F}.Release|Any CPU.ActiveCfg = Release|Any CPU
		{1DC434E4-048B-4351-8096-9563D397047F}.Release|Any CPU.Build.0 = Release|Any CPU
		{0497D286-0FD9-4444-840A-BE3D3FE5B72A}.Debug|Any CPU.ActiveCfg = Debug|Any CPU
		{0497D286-0FD9-4444-840A-BE3D3FE5B72A}.Debug|Any CPU.Build.0 = Debug|Any CPU
		{0497D286-0FD9-4444-840A-BE3D3FE5B72A}.Release|Any CPU.ActiveCfg = Release|Any CPU
		{0497D286-0FD9-4444-840A-BE3D3FE5B72A}.Release|Any CPU.Build.0 = Release|Any CPU
	EndGlobalSection
	GlobalSection(SolutionProperties) = preSolution
		HideSolutionNode = FALSE
	EndGlobalSection
EndGlobal
